
Microsoft Visual Studio Solution File, Format Version 12.00
# Visual Studio Version 17
VisualStudioVersion = 17.8.34511.84
MinimumVisualStudioVersion = 10.0.40219.1
Project("{FAE04EC0-301F-11D3-BF4B-00C04F79EFBC}") = "ModuleInitializer.Test", "ModuleInitializer.Test\ModuleInitializer.Test.csproj", "{DA900DDF-9F47-4F00-9771-103D072D202F}"
EndProject
Project("{2150E333-8FDC-42A3-9474-1A3956D46DE8}") = "ModuleInitializer", "ModuleInitializer", "{63F8BED4-683C-4924-B186-83F7D3E3E7C4}"
EndProject
Project("{FAE04EC0-301F-11D3-BF4B-00C04F79EFBC}") = "ModuleInitializer", "ModeuleInitializer\ModuleInitializer.csproj", "{4D9EE75F-AE94-4F65-9EDD-11F6DB509C7C}"
EndProject
Project("{2150E333-8FDC-42A3-9474-1A3956D46DE8}") = "WinFormsDesigner", "WinFormsDesigner", "{629A5CDA-AE18-42C1-80FF-39B25DB6F0C6}"
EndProject
Project("{FAE04EC0-301F-11D3-BF4B-00C04F79EFBC}") = "WinFormsDesigner.Test", "CodeDomSerializer\WinFormsDesigner.Test.csproj", "{FC066DD4-4CF6-4D98-8C21-4910FFD2946D}"
EndProject
Project("{FAE04EC0-301F-11D3-BF4B-00C04F79EFBC}") = "CustomControl", "CustomControl\CustomControl.csproj", "{77463A9C-20CF-4899-B16D-0194A4D085FC}"
EndProject
Project("{2150E333-8FDC-42A3-9474-1A3956D46DE8}") = "XamlParser", "XamlParser", "{8B9CC0E9-ACA5-4C5F-98B9-1E6E55EF173B}"
EndProject
Project("{FAE04EC0-301F-11D3-BF4B-00C04F79EFBC}") = "XamlParser.Test", "XamlParset.Test\XamlParser.Test.csproj", "{B45B5409-78AD-408E-B000-031F781628F2}"
EndProject
Project("{2150E333-8FDC-42A3-9474-1A3956D46DE8}") = "SafeReflection", "SafeReflection", "{D9BA6878-1A10-4E27-AFDF-458294211EC3}"
EndProject
Project("{2150E333-8FDC-42A3-9474-1A3956D46DE8}") = "AssemblyValidation", "AssemblyValidation", "{D87D515F-A604-40D1-A9DF-E7B8F0CCB909}"
EndProject
Project("{FAE04EC0-301F-11D3-BF4B-00C04F79EFBC}") = "SafeAssembly", "SafeAssembly\SafeAssembly.csproj", "{FE9C8CFE-C2EC-4C38-97A1-64A52CE6DF1A}"
EndProject
Project("{FAE04EC0-301F-11D3-BF4B-00C04F79EFBC}") = "AssemblyValidator.Test", "AssemblyValidator.Test\AssemblyValidator.Test.csproj", "{4A05CED2-1B46-4F42-AB1D-1442CDB3756A}"
EndProject
Project("{FAE04EC0-301F-11D3-BF4B-00C04F79EFBC}") = "UnsafeAssembly", "UnsafeAssembly\UnsafeAssembly.csproj", "{8D62A8C0-B6B1-4FEF-BD8B-DD8FA8A6A381}"
EndProject
Project("{FAE04EC0-301F-11D3-BF4B-00C04F79EFBC}") = "Analyzer", "ReflectionValidationAnalyzer\Analyzer.csproj", "{5448F0F4-E93A-4915-A000-1113053FAB38}"
EndProject
Project("{FAE04EC0-301F-11D3-BF4B-00C04F79EFBC}") = "TypeLoader", "TypeLoader\TypeLoader.csproj", "{0B3FCAD4-DC76-4367-AF92-9D8B2267E15C}"
EndProject
Project("{FAE04EC0-301F-11D3-BF4B-00C04F79EFBC}") = "SafeActivator", "SafeActivator\SafeActivator.csproj", "{593D005E-1EBE-4DEC-9799-2FF495D94455}"
EndProject
Project("{2150E333-8FDC-42A3-9474-1A3956D46DE8}") = "TypeConverter", "TypeConverter", "{C087738D-C140-497D-B746-353FAF3BD9ED}"
EndProject
Global
	GlobalSection(SolutionConfigurationPlatforms) = preSolution
		Debug|Any CPU = Debug|Any CPU
		Release|Any CPU = Release|Any CPU
	EndGlobalSection
	GlobalSection(ProjectConfigurationPlatforms) = postSolution
		{DA900DDF-9F47-4F00-9771-103D072D202F}.Debug|Any CPU.ActiveCfg = Debug|Any CPU
		{DA900DDF-9F47-4F00-9771-103D072D202F}.Debug|Any CPU.Build.0 = Debug|Any CPU
		{DA900DDF-9F47-4F00-9771-103D072D202F}.Release|Any CPU.ActiveCfg = Release|Any CPU
		{DA900DDF-9F47-4F00-9771-103D072D202F}.Release|Any CPU.Build.0 = Release|Any CPU
		{4D9EE75F-AE94-4F65-9EDD-11F6DB509C7C}.Debug|Any CPU.ActiveCfg = Debug|Any CPU
		{4D9EE75F-AE94-4F65-9EDD-11F6DB509C7C}.Debug|Any CPU.Build.0 = Debug|Any CPU
		{4D9EE75F-AE94-4F65-9EDD-11F6DB509C7C}.Release|Any CPU.ActiveCfg = Release|Any CPU
		{4D9EE75F-AE94-4F65-9EDD-11F6DB509C7C}.Release|Any CPU.Build.0 = Release|Any CPU
		{FC066DD4-4CF6-4D98-8C21-4910FFD2946D}.Debug|Any CPU.ActiveCfg = Debug|Any CPU
		{FC066DD4-4CF6-4D98-8C21-4910FFD2946D}.Debug|Any CPU.Build.0 = Debug|Any CPU
		{FC066DD4-4CF6-4D98-8C21-4910FFD2946D}.Release|Any CPU.ActiveCfg = Release|Any CPU
		{FC066DD4-4CF6-4D98-8C21-4910FFD2946D}.Release|Any CPU.Build.0 = Release|Any CPU
		{77463A9C-20CF-4899-B16D-0194A4D085FC}.Debug|Any CPU.ActiveCfg = Debug|Any CPU
		{77463A9C-20CF-4899-B16D-0194A4D085FC}.Debug|Any CPU.Build.0 = Debug|Any CPU
		{77463A9C-20CF-4899-B16D-0194A4D085FC}.Release|Any CPU.ActiveCfg = Release|Any CPU
		{77463A9C-20CF-4899-B16D-0194A4D085FC}.Release|Any CPU.Build.0 = Release|Any CPU
		{B45B5409-78AD-408E-B000-031F781628F2}.Debug|Any CPU.ActiveCfg = Debug|Any CPU
		{B45B5409-78AD-408E-B000-031F781628F2}.Debug|Any CPU.Build.0 = Debug|Any CPU
		{B45B5409-78AD-408E-B000-031F781628F2}.Release|Any CPU.ActiveCfg = Release|Any CPU
		{B45B5409-78AD-408E-B000-031F781628F2}.Release|Any CPU.Build.0 = Release|Any CPU
		{FE9C8CFE-C2EC-4C38-97A1-64A52CE6DF1A}.Debug|Any CPU.ActiveCfg = Debug|Any CPU
		{FE9C8CFE-C2EC-4C38-97A1-64A52CE6DF1A}.Debug|Any CPU.Build.0 = Debug|Any CPU
		{FE9C8CFE-C2EC-4C38-97A1-64A52CE6DF1A}.Release|Any CPU.ActiveCfg = Release|Any CPU
		{FE9C8CFE-C2EC-4C38-97A1-64A52CE6DF1A}.Release|Any CPU.Build.0 = Release|Any CPU
		{4A05CED2-1B46-4F42-AB1D-1442CDB3756A}.Debug|Any CPU.ActiveCfg = Debug|Any CPU
		{4A05CED2-1B46-4F42-AB1D-1442CDB3756A}.Debug|Any CPU.Build.0 = Debug|Any CPU
		{4A05CED2-1B46-4F42-AB1D-1442CDB3756A}.Release|Any CPU.ActiveCfg = Release|Any CPU
		{4A05CED2-1B46-4F42-AB1D-1442CDB3756A}.Release|Any CPU.Build.0 = Release|Any CPU
		{8D62A8C0-B6B1-4FEF-BD8B-DD8FA8A6A381}.Debug|Any CPU.ActiveCfg = Debug|Any CPU
		{8D62A8C0-B6B1-4FEF-BD8B-DD8FA8A6A381}.Debug|Any CPU.Build.0 = Debug|Any CPU
		{8D62A8C0-B6B1-4FEF-BD8B-DD8FA8A6A381}.Release|Any CPU.ActiveCfg = Release|Any CPU
		{8D62A8C0-B6B1-4FEF-BD8B-DD8FA8A6A381}.Release|Any CPU.Build.0 = Release|Any CPU
		{5448F0F4-E93A-4915-A000-1113053FAB38}.Debug|Any CPU.ActiveCfg = Debug|Any CPU
		{5448F0F4-E93A-4915-A000-1113053FAB38}.Debug|Any CPU.Build.0 = Debug|Any CPU
		{5448F0F4-E93A-4915-A000-1113053FAB38}.Release|Any CPU.ActiveCfg = Release|Any CPU
		{5448F0F4-E93A-4915-A000-1113053FAB38}.Release|Any CPU.Build.0 = Release|Any CPU
		{0B3FCAD4-DC76-4367-AF92-9D8B2267E15C}.Debug|Any CPU.ActiveCfg = Debug|Any CPU
		{0B3FCAD4-DC76-4367-AF92-9D8B2267E15C}.Debug|Any CPU.Build.0 = Debug|Any CPU
		{0B3FCAD4-DC76-4367-AF92-9D8B2267E15C}.Release|Any CPU.ActiveCfg = Release|Any CPU
		{0B3FCAD4-DC76-4367-AF92-9D8B2267E15C}.Release|Any CPU.Build.0 = Release|Any CPU
		{593D005E-1EBE-4DEC-9799-2FF495D94455}.Debug|Any CPU.ActiveCfg = Debug|Any CPU
		{593D005E-1EBE-4DEC-9799-2FF495D94455}.Debug|Any CPU.Build.0 = Debug|Any CPU
		{593D005E-1EBE-4DEC-9799-2FF495D94455}.Release|Any CPU.ActiveCfg = Release|Any CPU
		{593D005E-1EBE-4DEC-9799-2FF495D94455}.Release|Any CPU.Build.0 = Release|Any CPU
	EndGlobalSection
	GlobalSection(SolutionProperties) = preSolution
		HideSolutionNode = FALSE
	EndGlobalSection
	GlobalSection(NestedProjects) = preSolution
		{DA900DDF-9F47-4F00-9771-103D072D202F} = {63F8BED4-683C-4924-B186-83F7D3E3E7C4}
		{4D9EE75F-AE94-4F65-9EDD-11F6DB509C7C} = {63F8BED4-683C-4924-B186-83F7D3E3E7C4}
		{FC066DD4-4CF6-4D98-8C21-4910FFD2946D} = {629A5CDA-AE18-42C1-80FF-39B25DB6F0C6}
		{77463A9C-20CF-4899-B16D-0194A4D085FC} = {629A5CDA-AE18-42C1-80FF-39B25DB6F0C6}
		{B45B5409-78AD-408E-B000-031F781628F2} = {8B9CC0E9-ACA5-4C5F-98B9-1E6E55EF173B}
		{FE9C8CFE-C2EC-4C38-97A1-64A52CE6DF1A} = {D87D515F-A604-40D1-A9DF-E7B8F0CCB909}
		{4A05CED2-1B46-4F42-AB1D-1442CDB3756A} = {D87D515F-A604-40D1-A9DF-E7B8F0CCB909}
		{8D62A8C0-B6B1-4FEF-BD8B-DD8FA8A6A381} = {D87D515F-A604-40D1-A9DF-E7B8F0CCB909}
		{5448F0F4-E93A-4915-A000-1113053FAB38} = {D9BA6878-1A10-4E27-AFDF-458294211EC3}
		{0B3FCAD4-DC76-4367-AF92-9D8B2267E15C} = {D9BA6878-1A10-4E27-AFDF-458294211EC3}
		{593D005E-1EBE-4DEC-9799-2FF495D94455} = {D9BA6878-1A10-4E27-AFDF-458294211EC3}
	EndGlobalSection
	GlobalSection(ExtensibilityGlobals) = postSolution
		SolutionGuid = {275609C8-DA72-4733-AEF6-EF02E4910891}
	EndGlobalSection
EndGlobal
